// !$*UTF8*$!
{
	archiveVersion = 1;
	classes = {
	};
	objectVersion = 55;
	objects = {

/* Begin PBXBuildFile section */
		424C9CC827C88DA4003627F2 /* TabBar.swift in Sources */ = {isa = PBXBuildFile; fileRef = 424C9CC727C88DA4003627F2 /* TabBar.swift */; };
		424C9CCB27C88F83003627F2 /* TabItem.swift in Sources */ = {isa = PBXBuildFile; fileRef = 424C9CCA27C88F83003627F2 /* TabItem.swift */; };
		424C9CDE27C8C080003627F2 /* OpenSans-Regular.ttf in Resources */ = {isa = PBXBuildFile; fileRef = 424C9CDD27C8C080003627F2 /* OpenSans-Regular.ttf */; };
		424C9CE027C8C08B003627F2 /* ShadowsIntoLightTwo-Regular.ttf in Resources */ = {isa = PBXBuildFile; fileRef = 424C9CDF27C8C08B003627F2 /* ShadowsIntoLightTwo-Regular.ttf */; };
		424C9CE327C8C0E5003627F2 /* Fonts.swift in Sources */ = {isa = PBXBuildFile; fileRef = 424C9CE227C8C0E5003627F2 /* Fonts.swift */; };
		42728C5A27C74B8200FAD307 /* FoodWasteFighterApp.swift in Sources */ = {isa = PBXBuildFile; fileRef = 42728C5927C74B8200FAD307 /* FoodWasteFighterApp.swift */; };
		42728C5C27C74B8200FAD307 /* ContentView.swift in Sources */ = {isa = PBXBuildFile; fileRef = 42728C5B27C74B8200FAD307 /* ContentView.swift */; };
		42728C5E27C74B8300FAD307 /* Assets.xcassets in Resources */ = {isa = PBXBuildFile; fileRef = 42728C5D27C74B8300FAD307 /* Assets.xcassets */; };
		42728C6127C74B8300FAD307 /* Preview Assets.xcassets in Resources */ = {isa = PBXBuildFile; fileRef = 42728C6027C74B8300FAD307 /* Preview Assets.xcassets */; };
/* End PBXBuildFile section */

/* Begin PBXFileReference section */
		424C9CC727C88DA4003627F2 /* TabBar.swift */ = {isa = PBXFileReference; lastKnownFileType = sourcecode.swift; path = TabBar.swift; sourceTree = "<group>"; };
		424C9CCA27C88F83003627F2 /* TabItem.swift */ = {isa = PBXFileReference; lastKnownFileType = sourcecode.swift; path = TabItem.swift; sourceTree = "<group>"; };
		424C9CDD27C8C080003627F2 /* OpenSans-Regular.ttf */ = {isa = PBXFileReference; lastKnownFileType = file; path = "OpenSans-Regular.ttf"; sourceTree = "<group>"; };
		424C9CDF27C8C08B003627F2 /* ShadowsIntoLightTwo-Regular.ttf */ = {isa = PBXFileReference; lastKnownFileType = file; path = "ShadowsIntoLightTwo-Regular.ttf"; sourceTree = "<group>"; };
		424C9CE127C8C0A7003627F2 /* Info.plist */ = {isa = PBXFileReference; lastKnownFileType = text.plist; path = Info.plist; sourceTree = "<group>"; };
		424C9CE227C8C0E5003627F2 /* Fonts.swift */ = {isa = PBXFileReference; lastKnownFileType = sourcecode.swift; path = Fonts.swift; sourceTree = "<group>"; };
		42728C5627C74B8200FAD307 /* FoodWasteFighter.app */ = {isa = PBXFileReference; explicitFileType = wrapper.application; includeInIndex = 0; path = FoodWasteFighter.app; sourceTree = BUILT_PRODUCTS_DIR; };
		42728C5927C74B8200FAD307 /* FoodWasteFighterApp.swift */ = {isa = PBXFileReference; lastKnownFileType = sourcecode.swift; path = FoodWasteFighterApp.swift; sourceTree = "<group>"; };
		42728C5B27C74B8200FAD307 /* ContentView.swift */ = {isa = PBXFileReference; lastKnownFileType = sourcecode.swift; path = ContentView.swift; sourceTree = "<group>"; };
		42728C5D27C74B8300FAD307 /* Assets.xcassets */ = {isa = PBXFileReference; lastKnownFileType = folder.assetcatalog; path = Assets.xcassets; sourceTree = "<group>"; };
		42728C6027C74B8300FAD307 /* Preview Assets.xcassets */ = {isa = PBXFileReference; lastKnownFileType = folder.assetcatalog; path = "Preview Assets.xcassets"; sourceTree = "<group>"; };
/* End PBXFileReference section */

/* Begin PBXFrameworksBuildPhase section */
		42728C5327C74B8200FAD307 /* Frameworks */ = {
			isa = PBXFrameworksBuildPhase;
			buildActionMask = 2147483647;
			files = (
			);
			runOnlyForDeploymentPostprocessing = 0;
		};
/* End PBXFrameworksBuildPhase section */

/* Begin PBXGroup section */
		424C9CC627C88D63003627F2 /* Components */ = {
			isa = PBXGroup;
			children = (
				424C9CC727C88DA4003627F2 /* TabBar.swift */,
			);
			path = Components;
			sourceTree = "<group>";
		};
		424C9CC927C88F7A003627F2 /* Models */ = {
			isa = PBXGroup;
			children = (
				424C9CCA27C88F83003627F2 /* TabItem.swift */,
			);
			path = Models;
			sourceTree = "<group>";
		};
		424C9CDC27C8C050003627F2 /* Resources */ = {
			isa = PBXGroup;
			children = (
				424C9CDF27C8C08B003627F2 /* ShadowsIntoLightTwo-Regular.ttf */,
				424C9CDD27C8C080003627F2 /* OpenSans-Regular.ttf */,
			);
			path = Resources;
			sourceTree = "<group>";
		};
		424C9CE427C921D5003627F2 /* Extensions */ = {
			isa = PBXGroup;
			children = (
				424C9CE227C8C0E5003627F2 /* Fonts.swift */,
			);
			path = Extensions;
			sourceTree = "<group>";
		};
		42728C4D27C74B8200FAD307 = {
			isa = PBXGroup;
			children = (
				42728C5827C74B8200FAD307 /* FoodWasteFighter */,
				42728C5727C74B8200FAD307 /* Products */,
			);
			sourceTree = "<group>";
		};
		42728C5727C74B8200FAD307 /* Products */ = {
			isa = PBXGroup;
			children = (
				42728C5627C74B8200FAD307 /* FoodWasteFighter.app */,
			);
			name = Products;
			sourceTree = "<group>";
		};
		42728C5827C74B8200FAD307 /* FoodWasteFighter */ = {
			isa = PBXGroup;
			children = (
				424C9CE127C8C0A7003627F2 /* Info.plist */,
				42728C5927C74B8200FAD307 /* FoodWasteFighterApp.swift */,
				42728C5B27C74B8200FAD307 /* ContentView.swift */,
				424C9CC927C88F7A003627F2 /* Models */,
				424C9CC627C88D63003627F2 /* Components */,
				424C9CE427C921D5003627F2 /* Extensions */,
				424C9CDC27C8C050003627F2 /* Resources */,
				42728C5D27C74B8300FAD307 /* Assets.xcassets */,
				42728C5F27C74B8300FAD307 /* Preview Content */,
			);
			path = FoodWasteFighter;
			sourceTree = "<group>";
		};
		42728C5F27C74B8300FAD307 /* Preview Content */ = {
			isa = PBXGroup;
			children = (
				42728C6027C74B8300FAD307 /* Preview Assets.xcassets */,
			);
			path = "Preview Content";
			sourceTree = "<group>";
		};
/* End PBXGroup section */

/* Begin PBXNativeTarget section */
		42728C5527C74B8200FAD307 /* FoodWasteFighter */ = {
			isa = PBXNativeTarget;
			buildConfigurationList = 42728C6427C74B8300FAD307 /* Build configuration list for PBXNativeTarget "FoodWasteFighter" */;
			buildPhases = (
				42728C5227C74B8200FAD307 /* Sources */,
				42728C5327C74B8200FAD307 /* Frameworks */,
				42728C5427C74B8200FAD307 /* Resources */,
			);
			buildRules = (
			);
			dependencies = (
			);
			name = FoodWasteFighter;
			productName = FoodWasteFighter;
			productReference = 42728C5627C74B8200FAD307 /* FoodWasteFighter.app */;
			productType = "com.apple.product-type.application";
		};
/* End PBXNativeTarget section */

/* Begin PBXProject section */
		42728C4E27C74B8200FAD307 /* Project object */ = {
			isa = PBXProject;
			attributes = {
				BuildIndependentTargetsInParallel = 1;
				LastSwiftUpdateCheck = 1320;
				LastUpgradeCheck = 1320;
				TargetAttributes = {
					42728C5527C74B8200FAD307 = {
						CreatedOnToolsVersion = 13.2.1;
					};
				};
			};
			buildConfigurationList = 42728C5127C74B8200FAD307 /* Build configuration list for PBXProject "FoodWasteFighter" */;
			compatibilityVersion = "Xcode 13.0";
			developmentRegion = en;
			hasScannedForEncodings = 0;
			knownRegions = (
				en,
				Base,
			);
			mainGroup = 42728C4D27C74B8200FAD307;
			productRefGroup = 42728C5727C74B8200FAD307 /* Products */;
			projectDirPath = "";
			projectRoot = "";
			targets = (
				42728C5527C74B8200FAD307 /* FoodWasteFighter */,
			);
		};
/* End PBXProject section */

/* Begin PBXResourcesBuildPhase section */
		42728C5427C74B8200FAD307 /* Resources */ = {
			isa = PBXResourcesBuildPhase;
			buildActionMask = 2147483647;
			files = (
				42728C6127C74B8300FAD307 /* Preview Assets.xcassets in Resources */,
				424C9CDE27C8C080003627F2 /* OpenSans-Regular.ttf in Resources */,
				42728C5E27C74B8300FAD307 /* Assets.xcassets in Resources */,
				424C9CE027C8C08B003627F2 /* ShadowsIntoLightTwo-Regular.ttf in Resources */,
			);
			runOnlyForDeploymentPostprocessing = 0;
		};
/* End PBXResourcesBuildPhase section */

/* Begin PBXSourcesBuildPhase section */
		42728C5227C74B8200FAD307 /* Sources */ = {
			isa = PBXSourcesBuildPhase;
			buildActionMask = 2147483647;
			files = (
				424C9CC827C88DA4003627F2 /* TabBar.swift in Sources */,
				424C9CE327C8C0E5003627F2 /* Fonts.swift in Sources */,
				42728C5C27C74B8200FAD307 /* ContentView.swift in Sources */,
				424C9CCB27C88F83003627F2 /* TabItem.swift in Sources */,
				42728C5A27C74B8200FAD307 /* FoodWasteFighterApp.swift in Sources */,
			);
			runOnlyForDeploymentPostprocessing = 0;
		};
/* End PBXSourcesBuildPhase section */

/* Begin XCBuildConfiguration section */
		42728C6227C74B8300FAD307 /* Debug */ = {
			isa = XCBuildConfiguration;
			buildSettings = {
				ALWAYS_SEARCH_USER_PATHS = NO;
				CLANG_ANALYZER_NONNULL = YES;
				CLANG_ANALYZER_NUMBER_OBJECT_CONVERSION = YES_AGGRESSIVE;
				CLANG_CXX_LANGUAGE_STANDARD = "gnu++17";
				CLANG_CXX_LIBRARY = "libc++";
				CLANG_ENABLE_MODULES = YES;
				CLANG_ENABLE_OBJC_ARC = YES;
				CLANG_ENABLE_OBJC_WEAK = YES;
				CLANG_WARN_BLOCK_CAPTURE_AUTORELEASING = YES;
				CLANG_WARN_BOOL_CONVERSION = YES;
				CLANG_WARN_COMMA = YES;
				CLANG_WARN_CONSTANT_CONVERSION = YES;
				CLANG_WARN_DEPRECATED_OBJC_IMPLEMENTATIONS = YES;
				CLANG_WARN_DIRECT_OBJC_ISA_USAGE = YES_ERROR;
				CLANG_WARN_DOCUMENTATION_COMMENTS = YES;
				CLANG_WARN_EMPTY_BODY = YES;
				CLANG_WARN_ENUM_CONVERSION = YES;
				CLANG_WARN_INFINITE_RECURSION = YES;
				CLANG_WARN_INT_CONVERSION = YES;
				CLANG_WARN_NON_LITERAL_NULL_CONVERSION = YES;
				CLANG_WARN_OBJC_IMPLICIT_RETAIN_SELF = YES;
				CLANG_WARN_OBJC_LITERAL_CONVERSION = YES;
				CLANG_WARN_OBJC_ROOT_CLASS = YES_ERROR;
				CLANG_WARN_QUOTED_INCLUDE_IN_FRAMEWORK_HEADER = YES;
				CLANG_WARN_RANGE_LOOP_ANALYSIS = YES;
				CLANG_WARN_STRICT_PROTOTYPES = YES;
				CLANG_WARN_SUSPICIOUS_MOVE = YES;
				CLANG_WARN_UNGUARDED_AVAILABILITY = YES_AGGRESSIVE;
				CLANG_WARN_UNREACHABLE_CODE = YES;
				CLANG_WARN__DUPLICATE_METHOD_MATCH = YES;
				COPY_PHASE_STRIP = NO;
				DEBUG_INFORMATION_FORMAT = dwarf;
				ENABLE_STRICT_OBJC_MSGSEND = YES;
				ENABLE_TESTABILITY = YES;
				GCC_C_LANGUAGE_STANDARD = gnu11;
				GCC_DYNAMIC_NO_PIC = NO;
				GCC_NO_COMMON_BLOCKS = YES;
				GCC_OPTIMIZATION_LEVEL = 0;
				GCC_PREPROCESSOR_DEFINITIONS = (
					"DEBUG=1",
					"$(inherited)",
				);
				GCC_WARN_64_TO_32_BIT_CONVERSION = YES;
				GCC_WARN_ABOUT_RETURN_TYPE = YES_ERROR;
				GCC_WARN_UNDECLARED_SELECTOR = YES;
				GCC_WARN_UNINITIALIZED_AUTOS = YES_AGGRESSIVE;
				GCC_WARN_UNUSED_FUNCTION = YES;
				GCC_WARN_UNUSED_VARIABLE = YES;
				IPHONEOS_DEPLOYMENT_TARGET = 15.2;
				MTL_ENABLE_DEBUG_INFO = INCLUDE_SOURCE;
				MTL_FAST_MATH = YES;
				ONLY_ACTIVE_ARCH = YES;
				SDKROOT = iphoneos;
				SWIFT_ACTIVE_COMPILATION_CONDITIONS = DEBUG;
				SWIFT_OPTIMIZATION_LEVEL = "-Onone";
			};
			name = Debug;
		};
		42728C6327C74B8300FAD307 /* Release */ = {
			isa = XCBuildConfiguration;
			buildSettings = {
				ALWAYS_SEARCH_USER_PATHS = NO;
				CLANG_ANALYZER_NONNULL = YES;
				CLANG_ANALYZER_NUMBER_OBJECT_CONVERSION = YES_AGGRESSIVE;
				CLANG_CXX_LANGUAGE_STANDARD = "gnu++17";
				CLANG_CXX_LIBRARY = "libc++";
				CLANG_ENABLE_MODULES = YES;
				CLANG_ENABLE_OBJC_ARC = YES;
				CLANG_ENABLE_OBJC_WEAK = YES;
				CLANG_WARN_BLOCK_CAPTURE_AUTORELEASING = YES;
				CLANG_WARN_BOOL_CONVERSION = YES;
				CLANG_WARN_COMMA = YES;
				CLANG_WARN_CONSTANT_CONVERSION = YES;
				CLANG_WARN_DEPRECATED_OBJC_IMPLEMENTATIONS = YES;
				CLANG_WARN_DIRECT_OBJC_ISA_USAGE = YES_ERROR;
				CLANG_WARN_DOCUMENTATION_COMMENTS = YES;
				CLANG_WARN_EMPTY_BODY = YES;
				CLANG_WARN_ENUM_CONVERSION = YES;
				CLANG_WARN_INFINITE_RECURSION = YES;
				CLANG_WARN_INT_CONVERSION = YES;
				CLANG_WARN_NON_LITERAL_NULL_CONVERSION = YES;
				CLANG_WARN_OBJC_IMPLICIT_RETAIN_SELF = YES;
				CLANG_WARN_OBJC_LITERAL_CONVERSION = YES;
				CLANG_WARN_OBJC_ROOT_CLASS = YES_ERROR;
				CLANG_WARN_QUOTED_INCLUDE_IN_FRAMEWORK_HEADER = YES;
				CLANG_WARN_RANGE_LOOP_ANALYSIS = YES;
				CLANG_WARN_STRICT_PROTOTYPES = YES;
				CLANG_WARN_SUSPICIOUS_MOVE = YES;
				CLANG_WARN_UNGUARDED_AVAILABILITY = YES_AGGRESSIVE;
				CLANG_WARN_UNREACHABLE_CODE = YES;
				CLANG_WARN__DUPLICATE_METHOD_MATCH = YES;
				COPY_PHASE_STRIP = NO;
				DEBUG_INFORMATION_FORMAT = "dwarf-with-dsym";
				ENABLE_NS_ASSERTIONS = NO;
				ENABLE_STRICT_OBJC_MSGSEND = YES;
				GCC_C_LANGUAGE_STANDARD = gnu11;
				GCC_NO_COMMON_BLOCKS = YES;
				GCC_WARN_64_TO_32_BIT_CONVERSION = YES;
				GCC_WARN_ABOUT_RETURN_TYPE = YES_ERROR;
				GCC_WARN_UNDECLARED_SELECTOR = YES;
				GCC_WARN_UNINITIALIZED_AUTOS = YES_AGGRESSIVE;
				GCC_WARN_UNUSED_FUNCTION = YES;
				GCC_WARN_UNUSED_VARIABLE = YES;
				IPHONEOS_DEPLOYMENT_TARGET = 15.2;
				MTL_ENABLE_DEBUG_INFO = NO;
				MTL_FAST_MATH = YES;
				SDKROOT = iphoneos;
				SWIFT_COMPILATION_MODE = wholemodule;
				SWIFT_OPTIMIZATION_LEVEL = "-O";
				VALIDATE_PRODUCT = YES;
			};
			name = Release;
		};
		42728C6527C74B8300FAD307 /* Debug */ = {
			isa = XCBuildConfiguration;
			buildSettings = {
				ASSETCATALOG_COMPILER_APPICON_NAME = AppIcon;
				ASSETCATALOG_COMPILER_GLOBAL_ACCENT_COLOR_NAME = AccentColor;
				CODE_SIGN_STYLE = Automatic;
				CURRENT_PROJECT_VERSION = 1;
				DEVELOPMENT_ASSET_PATHS = "\"FoodWasteFighter/Preview Content\"";
				DEVELOPMENT_TEAM = 4DVD7FVTR7;
				ENABLE_PREVIEWS = YES;
				GENERATE_INFOPLIST_FILE = YES;
				INFOPLIST_FILE = FoodWasteFighter/Info.plist;
				INFOPLIST_KEY_UIApplicationSceneManifest_Generation = YES;
				INFOPLIST_KEY_UIApplicationSupportsIndirectInputEvents = YES;
				INFOPLIST_KEY_UILaunchScreen_Generation = YES;
				INFOPLIST_KEY_UISupportedInterfaceOrientations_iPad = "UIInterfaceOrientationPortrait UIInterfaceOrientationPortraitUpsideDown UIInterfaceOrientationLandscapeLeft UIInterfaceOrientationLandscapeRight";
				INFOPLIST_KEY_UISupportedInterfaceOrientations_iPhone = "UIInterfaceOrientationPortrait UIInterfaceOrientationLandscapeLeft UIInterfaceOrientationLandscapeRight";
				LD_RUNPATH_SEARCH_PATHS = (
					"$(inherited)",
					"@executable_path/Frameworks",
				);
				MARKETING_VERSION = 1.0;
				PRODUCT_BUNDLE_IDENTIFIER = com.takumiot.FoodWasteFighter;
				PRODUCT_NAME = "$(TARGET_NAME)";
				SWIFT_EMIT_LOC_STRINGS = YES;
				SWIFT_VERSION = 5.0;
				TARGETED_DEVICE_FAMILY = "1,2";
			};
			name = Debug;
		};
		42728C6627C74B8300FAD307 /* Release */ = {
			isa = XCBuildConfiguration;
			buildSettings = {
				ASSETCATALOG_COMPILER_APPICON_NAME = AppIcon;
				ASSETCATALOG_COMPILER_GLOBAL_ACCENT_COLOR_NAME = AccentColor;
				CODE_SIGN_STYLE = Automatic;
				CURRENT_PROJECT_VERSION = 1;
				DEVELOPMENT_ASSET_PATHS = "\"FoodWasteFighter/Preview Content\"";
				DEVELOPMENT_TEAM = 4DVD7FVTR7;
				ENABLE_PREVIEWS = YES;
				GENERATE_INFOPLIST_FILE = YES;
				INFOPLIST_FILE = FoodWasteFighter/Info.plist;
				INFOPLIST_KEY_UIApplicationSceneManifest_Generation = YES;
				INFOPLIST_KEY_UIApplicationSupportsIndirectInputEvents = YES;
				INFOPLIST_KEY_UILaunchScreen_Generation = YES;
				INFOPLIST_KEY_UISupportedInterfaceOrientations_iPad = "UIInterfaceOrientationPortrait UIInterfaceOrientationPortraitUpsideDown UIInterfaceOrientationLandscapeLeft UIInterfaceOrientationLandscapeRight";
				INFOPLIST_KEY_UISupportedInterfaceOrientations_iPhone = "UIInterfaceOrientationPortrait UIInterfaceOrientationLandscapeLeft UIInterfaceOrientationLandscapeRight";
				LD_RUNPATH_SEARCH_PATHS = (
					"$(inherited)",
					"@executable_path/Frameworks",
				);
				MARKETING_VERSION = 1.0;
				PRODUCT_BUNDLE_IDENTIFIER = com.takumiot.FoodWasteFighter;
				PRODUCT_NAME = "$(TARGET_NAME)";
				SWIFT_EMIT_LOC_STRINGS = YES;
				SWIFT_VERSION = 5.0;
				TARGETED_DEVICE_FAMILY = "1,2";
			};
			name = Release;
		};
/* End XCBuildConfiguration section */

/* Begin XCConfigurationList section */
		42728C5127C74B8200FAD307 /* Build configuration list for PBXProject "FoodWasteFighter" */ = {
			isa = XCConfigurationList;
			buildConfigurations = (
				42728C6227C74B8300FAD307 /* Debug */,
				42728C6327C74B8300FAD307 /* Release */,
			);
			defaultConfigurationIsVisible = 0;
			defaultConfigurationName = Release;
		};
		42728C6427C74B8300FAD307 /* Build configuration list for PBXNativeTarget "FoodWasteFighter" */ = {
			isa = XCConfigurationList;
			buildConfigurations = (
				42728C6527C74B8300FAD307 /* Debug */,
				42728C6627C74B8300FAD307 /* Release */,
			);
			defaultConfigurationIsVisible = 0;
			defaultConfigurationName = Release;
		};
/* End XCConfigurationList section */
	};
	rootObject = 42728C4E27C74B8200FAD307 /* Project object */;
}
